
Microsoft Visual Studio Solution File, Format Version 12.00
# Visual Studio 15
VisualStudioVersion = 15.0.27004.2009
MinimumVisualStudioVersion = 10.0.40219.1
Project("{9A19103F-16F7-4668-BE54-9A1E7A4F7556}") = "Xiaomi-ai-example", "Xiaomi-ai-example\Xiaomi-ai-example.csproj", "{5BAFAC8C-469E-4BF7-86F0-9742512C5914}"
EndProject
Project("{9A19103F-16F7-4668-BE54-9A1E7A4F7556}") = "XiaomiAI.SDK", "XiaomiAI.SDK\XiaomiAI.SDK.csproj", "{92534F54-1E45-4D1C-A0AC-736FF78E3C79}"
EndProject
Global
	GlobalSection(SolutionConfigurationPlatforms) = preSolution
		Debug|Any CPU = Debug|Any CPU
		Release|Any CPU = Release|Any CPU
	EndGlobalSection
	GlobalSection(ProjectConfigurationPlatforms) = postSolution
		{5BAFAC8C-469E-4BF7-86F0-9742512C5914}.Debug|Any CPU.ActiveCfg = Debug|Any CPU
		{5BAFAC8C-469E-4BF7-86F0-9742512C5914}.Debug|Any CPU.Build.0 = Debug|Any CPU
		{5BAFAC8C-469E-4BF7-86F0-9742512C5914}.Release|Any CPU.ActiveCfg = Release|Any CPU
		{5BAFAC8C-469E-4BF7-86F0-9742512C5914}.Release|Any CPU.Build.0 = Release|Any CPU
		{92534F54-1E45-4D1C-A0AC-736FF78E3C79}.Debug|Any CPU.ActiveCfg = Debug|Any CPU
		{92534F54-1E45-4D1C-A0AC-736FF78E3C79}.Debug|Any CPU.Build.0 = Debug|Any CPU
		{92534F54-1E45-4D1C-A0AC-736FF78E3C79}.Release|Any CPU.ActiveCfg = Release|Any CPU
		{92534F54-1E45-4D1C-A0AC-736FF78E3C79}.Release|Any CPU.Build.0 = Release|Any CPU
	EndGlobalSection
	GlobalSection(SolutionProperties) = preSolution
		HideSolutionNode = FALSE
	EndGlobalSection
	GlobalSection(ExtensibilityGlobals) = postSolution
		SolutionGuid = {1A83CF0F-B11A-436C-9150-726D992E23A7}
	EndGlobalSection
EndGlobal
